{
  "name": "plug-auth-client",
  "version": "1.1.2",
  "lockfileVersion": 1,
  "requires": true,
  "dependencies": {
    "plug-message-split": {
      "version": "1.0.1",
      "resolved": "https://registry.npmjs.org/plug-message-split/-/plug-message-split-1.0.1.tgz",
      "integrity": "sha1-UQuJvm1Ll2tb+IHfjJ0nmEJeioE=",
      "dev": true
    },
    "unfetch": {
      "version": "3.0.0",
      "resolved": "https://registry.npmjs.org/unfetch/-/unfetch-3.0.0.tgz",
      "integrity": "sha1-jR4FE6Ts0OX/LUGmund3Gq6LZII=",
      "dev": true
    }
  }
}
